{
	"name": "ynfinite-demo",
	"version": "1.0.0",
	"lockfileVersion": 1,
	"requires": true,
	"dependencies": {
		"@justinribeiro/lite-youtube": {
			"version": "1.5.0",
			"resolved": "https://registry.npmjs.org/@justinribeiro/lite-youtube/-/lite-youtube-1.5.0.tgz",
			"integrity": "sha512-TU92RKtz9BI9PRYrVwDIUsnFadLZtqRKWl1ZOdbxb7roJDb8Dd/xURllAsLEmCg6oJNyhXlVa5RsnUc0EKd8Cw=="
		},
		"@slightlyoff/lite-vimeo": {
			"version": "0.1.2",
			"resolved": "https://registry.npmjs.org/@slightlyoff/lite-vimeo/-/lite-vimeo-0.1.2.tgz",
			"integrity": "sha512-KkmMgogBfAHyk+Q1MvDWmTmif5uYIKzWLoW/vbxLzafC4GldU1ssKoo7VZ+cBtH19RFHFVrxy+PMd7IRghAT6Q=="
		},
		"accordion-js": {
			"version": "3.3.4",
			"resolved": "https://registry.npmjs.org/accordion-js/-/accordion-js-3.3.4.tgz",
			"integrity": "sha512-jHDTLnj5hhcCeqHm4bdgiL054kiyoMEVfMMiVlCAy8O0+Wu2Ht2cXL1eUze6//7lAeWz5mrHKGu9XwqBdylg9w=="
		},
		"crypto-js": {
			"version": "4.1.1",
			"resolved": "https://registry.npmjs.org/crypto-js/-/crypto-js-4.1.1.tgz",
			"integrity": "sha512-o2JlM7ydqd3Qk9CA0L4NL6mTzU2sdx96a+oOfPu8Mkl/PK51vSyoi8/rQ8NknZtk44vq15lmhAj9CIAGwgeWKw=="
		},
		"dayjs": {
			"version": "1.11.7",
			"resolved": "https://registry.npmjs.org/dayjs/-/dayjs-1.11.7.tgz",
			"integrity": "sha512-+Yw9U6YO5TQohxLcIkrXBeY73WP3ejHWVvx8XCk3gxvQDCTEmS48ZrSZCKciI7Bhl/uCMyxYtE9UqRILmFphkQ=="
		},
		"flatpickr": {
			"version": "4.6.13",
			"resolved": "https://registry.npmjs.org/flatpickr/-/flatpickr-4.6.13.tgz",
			"integrity": "sha512-97PMG/aywoYpB4IvbvUJi0RQi8vearvU0oov1WW3k0WZPBMrTQVqekSX5CjSG/M4Q3i6A/0FKXC7RyAoAUUSPw=="
		}
	}
}
